
Microsoft Visual Studio Solution File, Format Version 12.00
# Visual Studio 15
VisualStudioVersion = 15.0.27004.2006
MinimumVisualStudioVersion = 10.0.40219.1
Project("{FAE04EC0-301F-11D3-BF4B-00C04F79EFBC}") = "ping", "ping\ping.csproj", "{B0A15C92-DEF4-4E50-A4B2-EA2A4B75640C}"
EndProject
Project("{FAE04EC0-301F-11D3-BF4B-00C04F79EFBC}") = "ping2", "ping2\ping2.csproj", "{46C0FB70-9C06-44B4-9EE1-A50A79628B9E}"
EndProject
Global
	GlobalSection(SolutionConfigurationPlatforms) = preSolution
		Debug|Any CPU = Debug|Any CPU
		Release|Any CPU = Release|Any CPU
	EndGlobalSection
	GlobalSection(ProjectConfigurationPlatforms) = postSolution
		{B0A15C92-DEF4-4E50-A4B2-EA2A4B75640C}.Debug|Any CPU.ActiveCfg = Debug|Any CPU
		{B0A15C92-DEF4-4E50-A4B2-EA2A4B75640C}.Debug|Any CPU.Build.0 = Debug|Any CPU
		{B0A15C92-DEF4-4E50-A4B2-EA2A4B75640C}.Release|Any CPU.ActiveCfg = Release|Any CPU
		{B0A15C92-DEF4-4E50-A4B2-EA2A4B75640C}.Release|Any CPU.Build.0 = Release|Any CPU
		{46C0FB70-9C06-44B4-9EE1-A50A79628B9E}.Debug|Any CPU.ActiveCfg = Debug|Any CPU
		{46C0FB70-9C06-44B4-9EE1-A50A79628B9E}.Debug|Any CPU.Build.0 = Debug|Any CPU
		{46C0FB70-9C06-44B4-9EE1-A50A79628B9E}.Release|Any CPU.ActiveCfg = Release|Any CPU
		{46C0FB70-9C06-44B4-9EE1-A50A79628B9E}.Release|Any CPU.Build.0 = Release|Any CPU
	EndGlobalSection
	GlobalSection(SolutionProperties) = preSolution
		HideSolutionNode = FALSE
	EndGlobalSection
	GlobalSection(ExtensibilityGlobals) = postSolution
		SolutionGuid = {E0110886-FDD1-4C1F-9573-0822716A0689}
	EndGlobalSection
EndGlobal
